
Microsoft Visual Studio Solution File, Format Version 12.00
# Visual Studio 15
VisualStudioVersion = 15.0.26228.9
MinimumVisualStudioVersion = 10.0.40219.1
Project("{FAE04EC0-301F-11D3-BF4B-00C04F79EFBC}") = "TheComicHub.Web", "ComicHub.Web\TheComicHub.Web.csproj", "{B8BA7E9C-A271-4818-B1C8-FBA500AA1478}"
EndProject
Project("{FAE04EC0-301F-11D3-BF4B-00C04F79EFBC}") = "TheComicHub.Web.Tests", "TheComicHub.Web.Tests\TheComicHub.Web.Tests.csproj", "{1AE4C059-8A4F-4E90-9880-779500737A1C}"
EndProject
Project("{FAE04EC0-301F-11D3-BF4B-00C04F79EFBC}") = "TheComicHub.Data", "TheComicHub.Data\TheComicHub.Data.csproj", "{B711D84A-58FB-43BE-B9D8-D9C1F444820A}"
EndProject
Project("{FAE04EC0-301F-11D3-BF4B-00C04F79EFBC}") = "TheComicHub.Data.Entities", "TheComicHub.Data.Entities\TheComicHub.Data.Entities.csproj", "{565266D0-141D-466E-BD53-D4686F474094}"
EndProject
Project("{FAE04EC0-301F-11D3-BF4B-00C04F79EFBC}") = "TheComicHub.Data.Tests", "TheComicHub.Data.Tests\TheComicHub.Data.Tests.csproj", "{4B851BE8-E355-418D-8B7C-EB60835F937E}"
EndProject
Global
	GlobalSection(SolutionConfigurationPlatforms) = preSolution
		Debug|Any CPU = Debug|Any CPU
		Release|Any CPU = Release|Any CPU
	EndGlobalSection
	GlobalSection(ProjectConfigurationPlatforms) = postSolution
		{B8BA7E9C-A271-4818-B1C8-FBA500AA1478}.Debug|Any CPU.ActiveCfg = Debug|Any CPU
		{B8BA7E9C-A271-4818-B1C8-FBA500AA1478}.Debug|Any CPU.Build.0 = Debug|Any CPU
		{B8BA7E9C-A271-4818-B1C8-FBA500AA1478}.Release|Any CPU.ActiveCfg = Release|Any CPU
		{B8BA7E9C-A271-4818-B1C8-FBA500AA1478}.Release|Any CPU.Build.0 = Release|Any CPU
		{1AE4C059-8A4F-4E90-9880-779500737A1C}.Debug|Any CPU.ActiveCfg = Debug|Any CPU
		{1AE4C059-8A4F-4E90-9880-779500737A1C}.Debug|Any CPU.Build.0 = Debug|Any CPU
		{1AE4C059-8A4F-4E90-9880-779500737A1C}.Release|Any CPU.ActiveCfg = Release|Any CPU
		{1AE4C059-8A4F-4E90-9880-779500737A1C}.Release|Any CPU.Build.0 = Release|Any CPU
		{B711D84A-58FB-43BE-B9D8-D9C1F444820A}.Debug|Any CPU.ActiveCfg = Debug|Any CPU
		{B711D84A-58FB-43BE-B9D8-D9C1F444820A}.Debug|Any CPU.Build.0 = Debug|Any CPU
		{B711D84A-58FB-43BE-B9D8-D9C1F444820A}.Release|Any CPU.ActiveCfg = Release|Any CPU
		{B711D84A-58FB-43BE-B9D8-D9C1F444820A}.Release|Any CPU.Build.0 = Release|Any CPU
		{565266D0-141D-466E-BD53-D4686F474094}.Debug|Any CPU.ActiveCfg = Debug|Any CPU
		{565266D0-141D-466E-BD53-D4686F474094}.Debug|Any CPU.Build.0 = Debug|Any CPU
		{565266D0-141D-466E-BD53-D4686F474094}.Release|Any CPU.ActiveCfg = Release|Any CPU
		{565266D0-141D-466E-BD53-D4686F474094}.Release|Any CPU.Build.0 = Release|Any CPU
		{4B851BE8-E355-418D-8B7C-EB60835F937E}.Debug|Any CPU.ActiveCfg = Debug|Any CPU
		{4B851BE8-E355-418D-8B7C-EB60835F937E}.Debug|Any CPU.Build.0 = Debug|Any CPU
		{4B851BE8-E355-418D-8B7C-EB60835F937E}.Release|Any CPU.ActiveCfg = Release|Any CPU
		{4B851BE8-E355-418D-8B7C-EB60835F937E}.Release|Any CPU.Build.0 = Release|Any CPU
	EndGlobalSection
	GlobalSection(SolutionProperties) = preSolution
		HideSolutionNode = FALSE
	EndGlobalSection
EndGlobal
